<?xml version="1.0" encoding="utf-8"?>
<Project ToolsVersion="4.0" xmlns="http://schemas.microsoft.com/developer/msbuild/2003">
  <ItemGroup>
    <Filter Include="Source Files">
      <UniqueIdentifier>{4FC737F1-C7A5-4376-A066-2A32D752A2FF}</UniqueIdentifier>
      <Extensions>qml;cpp;c;cc;cxx;def;odl;idl;hpj;bat;asm;asmx</Extensions>
    </Filter>
    <Filter Include="Header Files">
      <UniqueIdentifier>{93995380-89BD-4b04-88EB-625FBE52EBFB}</UniqueIdentifier>
      <Extensions>h;hh;hpp;hxx;hm;inl;inc;xsd</Extensions>
    </Filter>
    <Filter Include="Resource Files">
      <UniqueIdentifier>{67DA6AB6-F800-4c08-8B7A-83BB121AAD01}</UniqueIdentifier>
      <Extensions>qrc;rc;ico;cur;bmp;dlg;rc2;rct;bin;rgs;gif;jpg;jpeg;jpe;resx;tiff;tif;png;wav;mfcribbon-ms</Extensions>
    </Filter>
    <Filter Include="Form Files">
      <UniqueIdentifier>{99349809-55BA-4b9d-BF79-8FDBB0286EB3}</UniqueIdentifier>
      <Extensions>ui</Extensions>
    </Filter>
    <Filter Include="Translation Files">
      <UniqueIdentifier>{639EADAA-A684-42e4-A9AD-28FC9BCB8F7C}</UniqueIdentifier>
      <Extensions>ts</Extensions>
    </Filter>
    <Filter Include="ThirdParty">
      <UniqueIdentifier>{4309dd23-8cf8-4ddd-995c-3dd393218944}</UniqueIdentifier>
    </Filter>
  </ItemGroup>
  <ItemGroup>
    <QtRcc Include="QtAntDesign.qrc">
      <Filter>Resource Files</Filter>
    </QtRcc>
    <QtUic Include="QtAntDesign.ui">
      <Filter>Form Files</Filter>
    </QtUic>
    <QtMoc Include="QtAntDesign.h">
      <Filter>Header Files</Filter>
    </QtMoc>
    <ClCompile Include="QtAntDesign.cpp">
      <Filter>Source Files</Filter>
    </ClCompile>
  </ItemGroup>
  <ItemGroup>
    <ClCompile Include="CircularAvatar.cpp">
      <Filter>Source Files</Filter>
    </ClCompile>
    <ClCompile Include="UserInfoBubble.cpp">
      <Filter>Source Files</Filter>
    </ClCompile>
    <ClCompile Include="AntButton.cpp">
      <Filter>Source Files</Filter>
    </ClCompile>
    <ClCompile Include="AntMessage.cpp">
      <Filter>Source Files</Filter>
    </ClCompile>
    <ClCompile Include="Ripple.cpp">
      <Filter>Source Files</Filter>
    </ClCompile>
    <ClCompile Include="AntTooltip.cpp">
      <Filter>Source Files</Filter>
    </ClCompile>
    <ClCompile Include="AntTooltipManager.cpp">
      <Filter>Source Files</Filter>
    </ClCompile>
    <ClCompile Include="MaskWidget.cpp">
      <Filter>Source Files</Filter>
    </ClCompile>
    <ClCompile Include="MaterialDialog.cpp">
      <Filter>Source Files</Filter>
    </ClCompile>
    <ClCompile Include="MaterialLineEdit.cpp">
      <Filter>Source Files</Filter>
    </ClCompile>
    <ClCompile Include="Win11CheckButton.cpp">
      <Filter>Source Files</Filter>
    </ClCompile>
    <ClCompile Include="ErrorTipLabel.cpp">
      <Filter>Source Files</Filter>
    </ClCompile>
    <ClCompile Include="LoginPageWidget.cpp">
      <Filter>Source Files</Filter>
    </ClCompile>
    <ClCompile Include="SlideStackedWidget.cpp">
      <Filter>Source Files</Filter>
    </ClCompile>
    <ClCompile Include="ProfilePage.cpp">
      <Filter>Source Files</Filter>
    </ClCompile>
    <ClCompile Include="DialogViewController.cpp">
      <Filter>Source Files</Filter>
    </ClCompile>
    <ClCompile Include="BubbleViewController.cpp">
      <Filter>Source Files</Filter>
    </ClCompile>
    <ClCompile Include="LogoWidget.cpp">
      <Filter>Source Files</Filter>
    </ClCompile>
    <ClCompile Include="RegisterPageWidget.cpp">
      <Filter>Source Files</Filter>
    </ClCompile>
    <ClCompile Include="FunctionPage.cpp">
      <Filter>Source Files</Filter>
    </ClCompile>
    <ClCompile Include="SettingsPage.cpp">
      <Filter>Source Files</Filter>
    </ClCompile>
    <ClCompile Include="AboutPage.cpp">
      <Filter>Source Files</Filter>
    </ClCompile>
    <ClCompile Include="CustomToolButton.cpp">
      <Filter>Source Files</Filter>
    </ClCompile>
    <ClCompile Include="MaterialTabWidget.cpp">
      <Filter>Source Files</Filter>
    </ClCompile>
    <ClCompile Include="AntToggleButton.cpp">
      <Filter>Source Files</Filter>
    </ClCompile>
    <ClCompile Include="StandardDialogPage.cpp">
      <Filter>Source Files</Filter>
    </ClCompile>
    <ClCompile Include="MaterialProgressBar.cpp">
      <Filter>Source Files</Filter>
    </ClCompile>
    <ClCompile Include="MaterialSpinner.cpp">
      <Filter>Source Files</Filter>
    </ClCompile>
    <ClCompile Include="AntRadioButton.cpp">
      <Filter>Source Files</Filter>
    </ClCompile>
    <ClCompile Include="AntSlider.cpp">
      <Filter>Source Files</Filter>
    </ClCompile>
    <ClCompile Include="NoDataWidget.cpp">
      <Filter>Source Files</Filter>
    </ClCompile>
    <ClCompile Include="AnimatedNumber.cpp">
      <Filter>Source Files</Filter>
    </ClCompile>
    <ClCompile Include="SkeletonWidget.cpp">
      <Filter>Source Files</Filter>
    </ClCompile>
    <ClCompile Include="NotificationWidget.cpp">
      <Filter>Source Files</Filter>
    </ClCompile>
    <ClCompile Include="NotificationManager.cpp">
      <Filter>Source Files</Filter>
    </ClCompile>
    <ClCompile Include="LoadingArc.cpp">
      <Filter>Source Files</Filter>
    </ClCompile>
    <ClCompile Include="DesignSystem.cpp">
      <Filter>Source Files</Filter>
    </ClCompile>
    <ClCompile Include="AntBaseSpinBox.cpp">
      <Filter>Source Files</Filter>
    </ClCompile>
    <ClCompile Include="AntBaseDoubleSpinBox.cpp">
      <Filter>Source Files</Filter>
    </ClCompile>
    <ClCompile Include="AntComboBox.cpp">
      <Filter>Source Files</Filter>
    </ClCompile>
    <ClCompile Include="PopupWidget.cpp">
      <Filter>Source Files</Filter>
    </ClCompile>
    <ClCompile Include="TransparentMask.cpp">
      <Filter>Source Files</Filter>
    </ClCompile>
    <ClCompile Include="PopupViewController.cpp">
      <Filter>Source Files</Filter>
    </ClCompile>
    <ClCompile Include="AntTooltipViewController.cpp">
      <Filter>Source Files</Filter>
    </ClCompile>
    <ClCompile Include="TagWidget.cpp">
      <Filter>Source Files</Filter>
    </ClCompile>
    <ClCompile Include="CardWidget.cpp">
      <Filter>Source Files</Filter>
    </ClCompile>
    <ClCompile Include="CarouselCard.cpp">
      <Filter>Source Files</Filter>
    </ClCompile>
    <ClCompile Include="CarouselWidget.cpp">
      <Filter>Source Files</Filter>
    </ClCompile>
    <ClCompile Include="AntScrollArea.cpp">
      <Filter>Source Files</Filter>
    </ClCompile>
    <ClCompile Include="ThirdParty\QR-Code-generator-master\qrcodegen.cpp">
      <Filter>ThirdParty</Filter>
    </ClCompile>
    <ClCompile Include="QrCodeWidget.cpp">
      <Filter>Source Files</Filter>
    </ClCompile>
    <ClCompile Include="AntBaseInput.cpp">
      <Filter>Source Files</Filter>
    </ClCompile>
    <ClCompile Include="AntInput.cpp">
      <Filter>Source Files</Filter>
    </ClCompile>
    <ClCompile Include="AntNumberInput.cpp">
      <Filter>Source Files</Filter>
    </ClCompile>
    <ClCompile Include="AntDoubleNumberInput.cpp">
      <Filter>Source Files</Filter>
    </ClCompile>
    <ClCompile Include="AntMessageManager.cpp">
      <Filter>Source Files</Filter>
    </ClCompile>
    <ClCompile Include="FlowLayout.cpp">
      <Filter>Source Files</Filter>
    </ClCompile>
    <ClCompile Include="DrawerWidget.cpp">
      <Filter>Source Files</Filter>
    </ClCompile>
    <ClCompile Include="BadgeWidget.cpp">
      <Filter>Source Files</Filter>
    </ClCompile>
    <ClCompile Include="AntBaseListView.cpp">
      <Filter>Source Files</Filter>
    </ClCompile>
    <ClCompile Include="AntChatListView.cpp">
      <Filter>Source Files</Filter>
    </ClCompile>
    <ClCompile Include="AntBaseTableView.cpp">
      <Filter>Source Files</Filter>
    </ClCompile>
    <ClCompile Include="AntProfileTable.cpp">
      <Filter>Source Files</Filter>
    </ClCompile>
    <ClCompile Include="AntProfileItemDelegate.cpp">
      <Filter>Source Files</Filter>
    </ClCompile>
    <ClCompile Include="AntCellWidget.cpp">
      <Filter>Source Files</Filter>
    </ClCompile>
    <ClCompile Include="AntTabWidget.cpp">
      <Filter>Source Files</Filter>
    </ClCompile>
    <ClCompile Include="AntTabBarWidget.cpp">
      <Filter>Source Files</Filter>
    </ClCompile>
    <ClCompile Include="AntTabWidgetContainer.cpp">
      <Filter>Source Files</Filter>
    </ClCompile>
    <ClCompile Include="TabContentWidget.cpp">
      <Filter>Source Files</Filter>
    </ClCompile>
    <ClCompile Include="PaginationWidget.cpp">
      <Filter>Source Files</Filter>
    </ClCompile>
    <ClCompile Include="AntTreeView.cpp">
      <Filter>Source Files</Filter>
    </ClCompile>
    <ClCompile Include="ThemeSwitcher.cpp">
      <Filter>Source Files</Filter>
    </ClCompile>
    <ClCompile Include="GaussianBlur.cpp">
      <Filter>Source Files</Filter>
    </ClCompile>
    <ClCompile Include="GlassWidget.cpp">
      <Filter>Source Files</Filter>
    </ClCompile>
    <ClCompile Include="main.cpp">
      <Filter>Source Files</Filter>
    </ClCompile>
    <ClCompile Include="HomePage.cpp">
      <Filter>Source Files</Filter>
    </ClCompile>
    <ClCompile Include="FramelessVideoWindow.cpp">
      <Filter>Source Files</Filter>
    </ClCompile>
  </ItemGroup>
  <ItemGroup>
    <ClInclude Include="StyleSheet.h">
      <Filter>Header Files</Filter>
    </ClInclude>
    <ClInclude Include="ThirdParty\QR-Code-generator-master\qrcodegen.hpp">
      <Filter>ThirdParty</Filter>
    </ClInclude>
    <ClInclude Include="ThirdParty\FastGaussianBlur-main\fast_gaussian_blur_template.h">
      <Filter>ThirdParty</Filter>
    </ClInclude>
    <ClInclude Include="GaussianBlur.h">
      <Filter>Header Files</Filter>
    </ClInclude>
  </ItemGroup>
  <ItemGroup>
    <QtMoc Include="CircularAvatar.h">
      <Filter>Header Files</Filter>
    </QtMoc>
    <QtMoc Include="UserInfoBubble.h">
      <Filter>Header Files</Filter>
    </QtMoc>
    <QtMoc Include="AntButton.h">
      <Filter>Header Files</Filter>
    </QtMoc>
    <QtMoc Include="AntMessage.h">
      <Filter>Header Files</Filter>
    </QtMoc>
    <QtMoc Include="AntMessageManager.h">
      <Filter>Header Files</Filter>
    </QtMoc>
    <QtMoc Include="Ripple.h">
      <Filter>Header Files</Filter>
    </QtMoc>
    <QtMoc Include="AntTooltip.h">
      <Filter>Header Files</Filter>
    </QtMoc>
    <QtMoc Include="AntTooltipManager.h">
      <Filter>Header Files</Filter>
    </QtMoc>
    <QtMoc Include="MaskWidget.h">
      <Filter>Header Files</Filter>
    </QtMoc>
    <QtMoc Include="MaterialDialog.h">
      <Filter>Header Files</Filter>
    </QtMoc>
    <QtMoc Include="MaterialLineEdit.h">
      <Filter>Header Files</Filter>
    </QtMoc>
    <QtMoc Include="Win11CheckButton.h">
      <Filter>Header Files</Filter>
    </QtMoc>
    <QtMoc Include="ErrorTipLabel.h">
      <Filter>Header Files</Filter>
    </QtMoc>
    <QtMoc Include="LoginPageWidget.h">
      <Filter>Header Files</Filter>
    </QtMoc>
    <QtMoc Include="SlideStackedWidget.h">
      <Filter>Header Files</Filter>
    </QtMoc>
    <QtMoc Include="ProfilePage.h">
      <Filter>Header Files</Filter>
    </QtMoc>
    <QtMoc Include="DialogViewController.h">
      <Filter>Header Files</Filter>
    </QtMoc>
    <QtMoc Include="BubbleViewController.h">
      <Filter>Header Files</Filter>
    </QtMoc>
    <QtMoc Include="LogoWidget.h">
      <Filter>Header Files</Filter>
    </QtMoc>
    <QtMoc Include="RegisterPageWidget.h">
      <Filter>Header Files</Filter>
    </QtMoc>
    <QtMoc Include="FunctionPage.h">
      <Filter>Header Files</Filter>
    </QtMoc>
    <QtMoc Include="SettingsPage.h">
      <Filter>Header Files</Filter>
    </QtMoc>
    <QtMoc Include="AboutPage.h">
      <Filter>Header Files</Filter>
    </QtMoc>
    <QtMoc Include="CustomToolButton.h">
      <Filter>Header Files</Filter>
    </QtMoc>
    <QtMoc Include="MaterialTabWidget.h">
      <Filter>Header Files</Filter>
    </QtMoc>
    <QtMoc Include="AntToggleButton.h">
      <Filter>Header Files</Filter>
    </QtMoc>
    <QtMoc Include="StandardDialogPage.h">
      <Filter>Header Files</Filter>
    </QtMoc>
    <QtMoc Include="MaterialProgressBar.h">
      <Filter>Header Files</Filter>
    </QtMoc>
    <QtMoc Include="MaterialSpinner.h">
      <Filter>Header Files</Filter>
    </QtMoc>
    <QtMoc Include="AntRadioButton.h">
      <Filter>Header Files</Filter>
    </QtMoc>
    <QtMoc Include="AntSlider.h">
      <Filter>Header Files</Filter>
    </QtMoc>
    <QtMoc Include="NoDataWidget.h">
      <Filter>Header Files</Filter>
    </QtMoc>
    <QtMoc Include="AnimatedNumber.h">
      <Filter>Header Files</Filter>
    </QtMoc>
    <QtMoc Include="SkeletonWidget.h">
      <Filter>Header Files</Filter>
    </QtMoc>
    <QtMoc Include="NotificationWidget.h">
      <Filter>Header Files</Filter>
    </QtMoc>
    <QtMoc Include="NotificationManager.h">
      <Filter>Header Files</Filter>
    </QtMoc>
    <QtMoc Include="LoadingArc.h">
      <Filter>Header Files</Filter>
    </QtMoc>
    <QtMoc Include="DesignSystem.h">
      <Filter>Header Files</Filter>
    </QtMoc>
    <QtMoc Include="AntBaseSpinBox.h">
      <Filter>Header Files</Filter>
    </QtMoc>
    <QtMoc Include="AntBaseDoubleSpinBox.h">
      <Filter>Header Files</Filter>
    </QtMoc>
    <QtMoc Include="AntComboBox.h">
      <Filter>Header Files</Filter>
    </QtMoc>
    <QtMoc Include="PopupWidget.h">
      <Filter>Header Files</Filter>
    </QtMoc>
    <QtMoc Include="TransparentMask.h">
      <Filter>Header Files</Filter>
    </QtMoc>
    <QtMoc Include="PopupViewController.h">
      <Filter>Header Files</Filter>
    </QtMoc>
    <QtMoc Include="AntTooltipViewController.h">
      <Filter>Header Files</Filter>
    </QtMoc>
    <QtMoc Include="TagWidget.h">
      <Filter>Header Files</Filter>
    </QtMoc>
    <QtMoc Include="CardWidget.h">
      <Filter>Header Files</Filter>
    </QtMoc>
    <QtMoc Include="CarouselCard.h">
      <Filter>Header Files</Filter>
    </QtMoc>
    <QtMoc Include="CarouselWidget.h">
      <Filter>Header Files</Filter>
    </QtMoc>
    <QtMoc Include="AntScrollArea.h">
      <Filter>Header Files</Filter>
    </QtMoc>
    <QtMoc Include="QrCodeWidget.h">
      <Filter>Header Files</Filter>
    </QtMoc>
    <QtMoc Include="AntBaseInput.h">
      <Filter>Header Files</Filter>
    </QtMoc>
    <QtMoc Include="AntInput.h">
      <Filter>Header Files</Filter>
    </QtMoc>
    <QtMoc Include="AntNumberInput.h">
      <Filter>Header Files</Filter>
    </QtMoc>
    <QtMoc Include="AntDoubleNumberInput.h">
      <Filter>Header Files</Filter>
    </QtMoc>
    <QtMoc Include="FlowLayout.h">
      <Filter>Header Files</Filter>
    </QtMoc>
    <QtMoc Include="DrawerWidget.h">
      <Filter>Header Files</Filter>
    </QtMoc>
    <QtMoc Include="BadgeWidget.h">
      <Filter>Header Files</Filter>
    </QtMoc>
    <QtMoc Include="AntBaseListView.h">
      <Filter>Header Files</Filter>
    </QtMoc>
    <QtMoc Include="AntChatListView.h">
      <Filter>Header Files</Filter>
    </QtMoc>
    <QtMoc Include="AntBaseTableView.h">
      <Filter>Header Files</Filter>
    </QtMoc>
    <QtMoc Include="AntProfileTable.h">
      <Filter>Header Files</Filter>
    </QtMoc>
    <QtMoc Include="AntProfileItemDelegate.h">
      <Filter>Header Files</Filter>
    </QtMoc>
    <QtMoc Include="AntCellWidget.h">
      <Filter>Header Files</Filter>
    </QtMoc>
    <QtMoc Include="AntTabWidget.h">
      <Filter>Header Files</Filter>
    </QtMoc>
    <QtMoc Include="AntTabBarWidget.h">
      <Filter>Header Files</Filter>
    </QtMoc>
    <QtMoc Include="AntTabWidgetContainer.h">
      <Filter>Header Files</Filter>
    </QtMoc>
    <QtMoc Include="TabContentWidget.h">
      <Filter>Header Files</Filter>
    </QtMoc>
    <QtMoc Include="PaginationWidget.h">
      <Filter>Header Files</Filter>
    </QtMoc>
    <QtMoc Include="AntTreeView.h">
      <Filter>Header Files</Filter>
    </QtMoc>
    <QtMoc Include="ThemeSwitcher.h">
      <Filter>Header Files</Filter>
    </QtMoc>
    <QtMoc Include="GlassWidget.h">
      <Filter>Header Files</Filter>
    </QtMoc>
    <QtMoc Include="HomePage.h">
      <Filter>Header Files</Filter>
    </QtMoc>
    <QtMoc Include="FramelessVideoWindow.h">
      <Filter>Header Files</Filter>
    </QtMoc>
  </ItemGroup>
</Project>